
Microsoft Visual Studio Solution File, Format Version 12.00
# Visual Studio Version 16
VisualStudioVersion = 16.0.29519.87
MinimumVisualStudioVersion = 10.0.40219.1
Project("{FAE04EC0-301F-11D3-BF4B-00C04F79EFBC}") = "WebApp", "WebApp\WebApp.csproj", "{37897C82-788A-4820-AEA7-5EE336D69BE0}"
EndProject
Project("{FAE04EC0-301F-11D3-BF4B-00C04F79EFBC}") = "WebApp.Tests", "WebApp.Tests\WebApp.Tests.csproj", "{E1C58EE4-38D3-44E6-9610-644B8103F085}"
EndProject
Project("{FAE04EC0-301F-11D3-BF4B-00C04F79EFBC}") = "Business", "Business\Business.csproj", "{FD8B8189-5C9B-46F3-A7F2-6252BD9C65BD}"
EndProject
Global
	GlobalSection(SolutionConfigurationPlatforms) = preSolution
		Debug|Any CPU = Debug|Any CPU
		Release|Any CPU = Release|Any CPU
	EndGlobalSection
	GlobalSection(ProjectConfigurationPlatforms) = postSolution
		{37897C82-788A-4820-AEA7-5EE336D69BE0}.Debug|Any CPU.ActiveCfg = Debug|Any CPU
		{37897C82-788A-4820-AEA7-5EE336D69BE0}.Debug|Any CPU.Build.0 = Debug|Any CPU
		{37897C82-788A-4820-AEA7-5EE336D69BE0}.Release|Any CPU.ActiveCfg = Release|Any CPU
		{37897C82-788A-4820-AEA7-5EE336D69BE0}.Release|Any CPU.Build.0 = Release|Any CPU
		{E1C58EE4-38D3-44E6-9610-644B8103F085}.Debug|Any CPU.ActiveCfg = Debug|Any CPU
		{E1C58EE4-38D3-44E6-9610-644B8103F085}.Debug|Any CPU.Build.0 = Debug|Any CPU
		{E1C58EE4-38D3-44E6-9610-644B8103F085}.Release|Any CPU.ActiveCfg = Release|Any CPU
		{E1C58EE4-38D3-44E6-9610-644B8103F085}.Release|Any CPU.Build.0 = Release|Any CPU
		{FD8B8189-5C9B-46F3-A7F2-6252BD9C65BD}.Debug|Any CPU.ActiveCfg = Debug|Any CPU
		{FD8B8189-5C9B-46F3-A7F2-6252BD9C65BD}.Debug|Any CPU.Build.0 = Debug|Any CPU
		{FD8B8189-5C9B-46F3-A7F2-6252BD9C65BD}.Release|Any CPU.ActiveCfg = Release|Any CPU
		{FD8B8189-5C9B-46F3-A7F2-6252BD9C65BD}.Release|Any CPU.Build.0 = Release|Any CPU
	EndGlobalSection
	GlobalSection(SolutionProperties) = preSolution
		HideSolutionNode = FALSE
	EndGlobalSection
	GlobalSection(ExtensibilityGlobals) = postSolution
		EnterpriseLibraryConfigurationToolBinariesPath = packages\Unity.2.1.505.2\lib\NET35
		SolutionGuid = {2A2D87D1-6260-4477-BAA3-43BFC79CB960}
	EndGlobalSection
EndGlobal
